{"format_version":"ahfl.lock.v1","resolver_version":1,"root_package":"refund-audit","packages":[{"id":0,"name":"std","version":"0.1.0","source":"sysroot","manifest":"std/ahfl.toml","checksum":"sha256:0000000000000000000000000000000000000000000000000000000000000000"},{"id":1,"name":"refund-audit","version":"0.1.0","source":"path","manifest":"ahfl.toml","checksum":"sha256:0000000000000000000000000000000000000000000000000000000000000000"},{"id":2,"name":"audit-core","version":"0.1.0","source":"path","manifest":"packages/audit-core/ahfl.toml","checksum":"sha256:0000000000000000000000000000000000000000000000000000000000000000"}],"edges":[{"from":1,"dependency":"std","to":0,"source":"sysroot"},{"from":1,"dependency":"audit-core","to":2,"source":"path"}]}
